{
  "name": "firecomponent",
  "version": "1.0.0",
  "lockfileVersion": 1,
  "requires": true,
  "dependencies": {
    "medium-editor": {
      "version": "5.23.1",
      "resolved": "https://registry.npmjs.org/medium-editor/-/medium-editor-5.23.1.tgz",
      "integrity": "sha1-Aue2lZuN7NnHE9AHCD6e8eJIQGU="
    }
  }
}
