{
  "name": "firecomponent",
  "version": "1.0.4",
  "lockfileVersion": 1,
  "requires": true,
  "dependencies": {
    "croppie": {
      "version": "2.5.0",
      "resolved": "https://registry.npmjs.org/croppie/-/croppie-2.5.0.tgz",
      "integrity": "sha512-15t25/EsHw1wrWF7FMWrzradchP1jO+6Qo7aA027SNqzG1AsqsTxQE7UHnMy2kSfMfwm4pCmezg6r8h/7p923A=="
    },
    "medium-editor": {
      "version": "5.23.1",
      "resolved": "https://registry.npmjs.org/medium-editor/-/medium-editor-5.23.1.tgz",
      "integrity": "sha1-Aue2lZuN7NnHE9AHCD6e8eJIQGU="
    },
    "vue-progressive-image": {
      "version": "2.1.1",
      "resolved": "https://registry.npmjs.org/vue-progressive-image/-/vue-progressive-image-2.1.1.tgz",
      "integrity": "sha1-xmcDc5JDhVOGCi6s3dwHAFKBRzo="
    }
  }
}
